// !$*UTF8*$!
{
	archiveVersion = 1;
	classes = {
	};
	objectVersion = 51;
	objects = {

/* Begin PBXBuildFile section */
		5B0A8A36248D840700CA4141 /* GoogleService-Info.plist in Resources */ = {isa = PBXBuildFile; fileRef = 5B0A8A35248D840700CA4141 /* GoogleService-Info.plist */; };
		5B0A8A38248D88A900CA4141 /* Colors.xcassets in Resources */ = {isa = PBXBuildFile; fileRef = 5B0A8A37248D88A900CA4141 /* Colors.xcassets */; };
		5B4FDFB8248D79160079B653 /* .gitignore in Resources */ = {isa = PBXBuildFile; fileRef = 5B4FDFB7248D79160079B653 /* .gitignore */; };
		5B69D0D9248D701F0072002A /* AppDelegate.swift in Sources */ = {isa = PBXBuildFile; fileRef = 5B69D0D8248D701F0072002A /* AppDelegate.swift */; };
		5B69D0DB248D701F0072002A /* SceneDelegate.swift in Sources */ = {isa = PBXBuildFile; fileRef = 5B69D0DA248D701F0072002A /* SceneDelegate.swift */; };
		5B69D0DD248D701F0072002A /* LogInOrCreateAccountViewController.swift in Sources */ = {isa = PBXBuildFile; fileRef = 5B69D0DC248D701F0072002A /* LogInOrCreateAccountViewController.swift */; };
		5B69D0E0248D701F0072002A /* Onboarding.storyboard in Resources */ = {isa = PBXBuildFile; fileRef = 5B69D0DE248D701F0072002A /* Onboarding.storyboard */; };
		5B69D0E2248D70200072002A /* Assets.xcassets in Resources */ = {isa = PBXBuildFile; fileRef = 5B69D0E1248D70200072002A /* Assets.xcassets */; };
		5B69D0E5248D70200072002A /* LaunchScreen.storyboard in Resources */ = {isa = PBXBuildFile; fileRef = 5B69D0E3248D70200072002A /* LaunchScreen.storyboard */; };
		5B8667D0248D900D003A3B5D /* NetworkManager.swift in Sources */ = {isa = PBXBuildFile; fileRef = 5B8667CF248D900D003A3B5D /* NetworkManager.swift */; };
		A5BDCB9A0FD47B151970EB4E /* Pods_Meine_Klimaanlage_AR.framework in Frameworks */ = {isa = PBXBuildFile; fileRef = F7D70101EABCF50703354C2D /* Pods_Meine_Klimaanlage_AR.framework */; };
/* End PBXBuildFile section */

/* Begin PBXFileReference section */
		0A38C807304FB2807B48D88C /* Pods-Meine Klimaanlage AR.release.xcconfig */ = {isa = PBXFileReference; includeInIndex = 1; lastKnownFileType = text.xcconfig; name = "Pods-Meine Klimaanlage AR.release.xcconfig"; path = "Target Support Files/Pods-Meine Klimaanlage AR/Pods-Meine Klimaanlage AR.release.xcconfig"; sourceTree = "<group>"; };
		5B0A8A35248D840700CA4141 /* GoogleService-Info.plist */ = {isa = PBXFileReference; fileEncoding = 4; lastKnownFileType = text.plist.xml; path = "GoogleService-Info.plist"; sourceTree = "<group>"; };
		5B0A8A37248D88A900CA4141 /* Colors.xcassets */ = {isa = PBXFileReference; lastKnownFileType = folder.assetcatalog; path = Colors.xcassets; sourceTree = "<group>"; };
		5B4FDFB7248D79160079B653 /* .gitignore */ = {isa = PBXFileReference; fileEncoding = 4; lastKnownFileType = text; path = .gitignore; sourceTree = "<group>"; };
		5B69D0D5248D701F0072002A /* Meine Klimaanlage AR.app */ = {isa = PBXFileReference; explicitFileType = wrapper.application; includeInIndex = 0; path = "Meine Klimaanlage AR.app"; sourceTree = BUILT_PRODUCTS_DIR; };
		5B69D0D8248D701F0072002A /* AppDelegate.swift */ = {isa = PBXFileReference; lastKnownFileType = sourcecode.swift; path = AppDelegate.swift; sourceTree = "<group>"; };
		5B69D0DA248D701F0072002A /* SceneDelegate.swift */ = {isa = PBXFileReference; lastKnownFileType = sourcecode.swift; path = SceneDelegate.swift; sourceTree = "<group>"; };
		5B69D0DC248D701F0072002A /* LogInOrCreateAccountViewController.swift */ = {isa = PBXFileReference; lastKnownFileType = sourcecode.swift; path = LogInOrCreateAccountViewController.swift; sourceTree = "<group>"; };
		5B69D0DF248D701F0072002A /* Base */ = {isa = PBXFileReference; lastKnownFileType = file.storyboard; name = Base; path = Base.lproj/Onboarding.storyboard; sourceTree = "<group>"; };
		5B69D0E1248D70200072002A /* Assets.xcassets */ = {isa = PBXFileReference; lastKnownFileType = folder.assetcatalog; path = Assets.xcassets; sourceTree = "<group>"; };
		5B69D0E4248D70200072002A /* Base */ = {isa = PBXFileReference; lastKnownFileType = file.storyboard; name = Base; path = Base.lproj/LaunchScreen.storyboard; sourceTree = "<group>"; };
		5B69D0E6248D70200072002A /* Info.plist */ = {isa = PBXFileReference; lastKnownFileType = text.plist.xml; path = Info.plist; sourceTree = "<group>"; };
		5B8667CF248D900D003A3B5D /* NetworkManager.swift */ = {isa = PBXFileReference; lastKnownFileType = sourcecode.swift; path = NetworkManager.swift; sourceTree = "<group>"; };
		F7D70101EABCF50703354C2D /* Pods_Meine_Klimaanlage_AR.framework */ = {isa = PBXFileReference; explicitFileType = wrapper.framework; includeInIndex = 0; path = Pods_Meine_Klimaanlage_AR.framework; sourceTree = BUILT_PRODUCTS_DIR; };
		FD30A9AE9F1D8D594F3D962A /* Pods-Meine Klimaanlage AR.debug.xcconfig */ = {isa = PBXFileReference; includeInIndex = 1; lastKnownFileType = text.xcconfig; name = "Pods-Meine Klimaanlage AR.debug.xcconfig"; path = "Target Support Files/Pods-Meine Klimaanlage AR/Pods-Meine Klimaanlage AR.debug.xcconfig"; sourceTree = "<group>"; };
/* End PBXFileReference section */

/* Begin PBXFrameworksBuildPhase section */
		5B69D0D2248D701F0072002A /* Frameworks */ = {
			isa = PBXFrameworksBuildPhase;
			buildActionMask = 2147483647;
			files = (
				A5BDCB9A0FD47B151970EB4E /* Pods_Meine_Klimaanlage_AR.framework in Frameworks */,
			);
			runOnlyForDeploymentPostprocessing = 0;
		};
/* End PBXFrameworksBuildPhase section */

/* Begin PBXGroup section */
		28EA317FD8298FA9E9CBC212 /* Pods */ = {
			isa = PBXGroup;
			children = (
				FD30A9AE9F1D8D594F3D962A /* Pods-Meine Klimaanlage AR.debug.xcconfig */,
				0A38C807304FB2807B48D88C /* Pods-Meine Klimaanlage AR.release.xcconfig */,
			);
			path = Pods;
			sourceTree = "<group>";
		};
		5B0A8A3E248D8EA700CA4141 /* View */ = {
			isa = PBXGroup;
			children = (
				5B0A8A41248D8F0D00CA4141 /* Storyboards */,
			);
			path = View;
			sourceTree = "<group>";
		};
		5B0A8A3F248D8EFB00CA4141 /* Controller */ = {
			isa = PBXGroup;
			children = (
				5B0A8A42248D8F2A00CA4141 /* Onboarding */,
			);
			path = Controller;
			sourceTree = "<group>";
		};
		5B0A8A40248D8F0000CA4141 /* Model  */ = {
			isa = PBXGroup;
			children = (
			);
			path = "Model ";
			sourceTree = "<group>";
		};
		5B0A8A41248D8F0D00CA4141 /* Storyboards */ = {
			isa = PBXGroup;
			children = (
				5B69D0E3248D70200072002A /* LaunchScreen.storyboard */,
				5B69D0DE248D701F0072002A /* Onboarding.storyboard */,
			);
			path = Storyboards;
			sourceTree = "<group>";
		};
		5B0A8A42248D8F2A00CA4141 /* Onboarding */ = {
			isa = PBXGroup;
			children = (
				5B69D0DC248D701F0072002A /* LogInOrCreateAccountViewController.swift */,
			);
			path = Onboarding;
			sourceTree = "<group>";
		};
		5B0A8A43248D8F3800CA4141 /* Delegate */ = {
			isa = PBXGroup;
			children = (
				5B69D0D8248D701F0072002A /* AppDelegate.swift */,
				5B69D0DA248D701F0072002A /* SceneDelegate.swift */,
			);
			path = Delegate;
			sourceTree = "<group>";
		};
		5B69D0CC248D701F0072002A = {
			isa = PBXGroup;
			children = (
				5B4FDFB7248D79160079B653 /* .gitignore */,
				5B69D0D7248D701F0072002A /* Meine Klimaanlage AR */,
				5B69D0D6248D701F0072002A /* Products */,
				28EA317FD8298FA9E9CBC212 /* Pods */,
				691F658D58C5A07437E906C1 /* Frameworks */,
			);
			sourceTree = "<group>";
		};
		5B69D0D6248D701F0072002A /* Products */ = {
			isa = PBXGroup;
			children = (
				5B69D0D5248D701F0072002A /* Meine Klimaanlage AR.app */,
			);
			name = Products;
			sourceTree = "<group>";
		};
		5B69D0D7248D701F0072002A /* Meine Klimaanlage AR */ = {
			isa = PBXGroup;
			children = (
				5B8667CE248D8FF7003A3B5D /* Manager */,
				5B0A8A43248D8F3800CA4141 /* Delegate */,
				5B0A8A40248D8F0000CA4141 /* Model  */,
				5B0A8A3F248D8EFB00CA4141 /* Controller */,
				5B0A8A3E248D8EA700CA4141 /* View */,
				5B69D0E6248D70200072002A /* Info.plist */,
				5B0A8A35248D840700CA4141 /* GoogleService-Info.plist */,
				5B0A8A37248D88A900CA4141 /* Colors.xcassets */,
				5B69D0E1248D70200072002A /* Assets.xcassets */,
			);
			path = "Meine Klimaanlage AR";
			sourceTree = "<group>";
		};
		5B8667CE248D8FF7003A3B5D /* Manager */ = {
			isa = PBXGroup;
			children = (
				5B8667CF248D900D003A3B5D /* NetworkManager.swift */,
			);
			path = Manager;
			sourceTree = "<group>";
		};
		691F658D58C5A07437E906C1 /* Frameworks */ = {
			isa = PBXGroup;
			children = (
				F7D70101EABCF50703354C2D /* Pods_Meine_Klimaanlage_AR.framework */,
			);
			name = Frameworks;
			sourceTree = "<group>";
		};
/* End PBXGroup section */

/* Begin PBXNativeTarget section */
		5B69D0D4248D701F0072002A /* Meine Klimaanlage AR */ = {
			isa = PBXNativeTarget;
			buildConfigurationList = 5B69D0E9248D70200072002A /* Build configuration list for PBXNativeTarget "Meine Klimaanlage AR" */;
			buildPhases = (
				9A459F1A61AE8F3A0F5EE0A9 /* [CP] Check Pods Manifest.lock */,
				5B69D0D1248D701F0072002A /* Sources */,
				5B69D0D2248D701F0072002A /* Frameworks */,
				5B69D0D3248D701F0072002A /* Resources */,
				7526A24CBE70C67FA9A67388 /* [CP] Embed Pods Frameworks */,
			);
			buildRules = (
			);
			dependencies = (
			);
			name = "Meine Klimaanlage AR";
			productName = "Meine Klimaanlage AR";
			productReference = 5B69D0D5248D701F0072002A /* Meine Klimaanlage AR.app */;
			productType = "com.apple.product-type.application";
		};
/* End PBXNativeTarget section */

/* Begin PBXProject section */
		5B69D0CD248D701F0072002A /* Project object */ = {
			isa = PBXProject;
			attributes = {
				LastSwiftUpdateCheck = 1130;
				LastUpgradeCheck = 1130;
				ORGANIZATIONNAME = "Tim Kohmann";
				TargetAttributes = {
					5B69D0D4248D701F0072002A = {
						CreatedOnToolsVersion = 11.3.1;
					};
				};
			};
			buildConfigurationList = 5B69D0D0248D701F0072002A /* Build configuration list for PBXProject "Meine Klimaanlage AR" */;
			compatibilityVersion = "Xcode 9.3";
			developmentRegion = en;
			hasScannedForEncodings = 0;
			knownRegions = (
				en,
				Base,
			);
			mainGroup = 5B69D0CC248D701F0072002A;
			productRefGroup = 5B69D0D6248D701F0072002A /* Products */;
			projectDirPath = "";
			projectRoot = "";
			targets = (
				5B69D0D4248D701F0072002A /* Meine Klimaanlage AR */,
			);
		};
/* End PBXProject section */

/* Begin PBXResourcesBuildPhase section */
		5B69D0D3248D701F0072002A /* Resources */ = {
			isa = PBXResourcesBuildPhase;
			buildActionMask = 2147483647;
			files = (
				5B4FDFB8248D79160079B653 /* .gitignore in Resources */,
				5B69D0E5248D70200072002A /* LaunchScreen.storyboard in Resources */,
				5B0A8A36248D840700CA4141 /* GoogleService-Info.plist in Resources */,
				5B0A8A38248D88A900CA4141 /* Colors.xcassets in Resources */,
				5B69D0E2248D70200072002A /* Assets.xcassets in Resources */,
				5B69D0E0248D701F0072002A /* Onboarding.storyboard in Resources */,
			);
			runOnlyForDeploymentPostprocessing = 0;
		};
/* End PBXResourcesBuildPhase section */

/* Begin PBXShellScriptBuildPhase section */
		7526A24CBE70C67FA9A67388 /* [CP] Embed Pods Frameworks */ = {
			isa = PBXShellScriptBuildPhase;
			buildActionMask = 2147483647;
			files = (
			);
			inputFileListPaths = (
				"${PODS_ROOT}/Target Support Files/Pods-Meine Klimaanlage AR/Pods-Meine Klimaanlage AR-frameworks-${CONFIGURATION}-input-files.xcfilelist",
			);
			name = "[CP] Embed Pods Frameworks";
			outputFileListPaths = (
				"${PODS_ROOT}/Target Support Files/Pods-Meine Klimaanlage AR/Pods-Meine Klimaanlage AR-frameworks-${CONFIGURATION}-output-files.xcfilelist",
			);
			runOnlyForDeploymentPostprocessing = 0;
			shellPath = /bin/sh;
			shellScript = "\"${PODS_ROOT}/Target Support Files/Pods-Meine Klimaanlage AR/Pods-Meine Klimaanlage AR-frameworks.sh\"\n";
			showEnvVarsInLog = 0;
		};
		9A459F1A61AE8F3A0F5EE0A9 /* [CP] Check Pods Manifest.lock */ = {
			isa = PBXShellScriptBuildPhase;
			buildActionMask = 2147483647;
			files = (
			);
			inputFileListPaths = (
			);
			inputPaths = (
				"${PODS_PODFILE_DIR_PATH}/Podfile.lock",
				"${PODS_ROOT}/Manifest.lock",
			);
			name = "[CP] Check Pods Manifest.lock";
			outputFileListPaths = (
			);
			outputPaths = (
				"$(DERIVED_FILE_DIR)/Pods-Meine Klimaanlage AR-checkManifestLockResult.txt",
			);
			runOnlyForDeploymentPostprocessing = 0;
			shellPath = /bin/sh;
			shellScript = "diff \"${PODS_PODFILE_DIR_PATH}/Podfile.lock\" \"${PODS_ROOT}/Manifest.lock\" > /dev/null\nif [ $? != 0 ] ; then\n    # print error to STDERR\n    echo \"error: The sandbox is not in sync with the Podfile.lock. Run 'pod install' or update your CocoaPods installation.\" >&2\n    exit 1\nfi\n# This output is used by Xcode 'outputs' to avoid re-running this script phase.\necho \"SUCCESS\" > \"${SCRIPT_OUTPUT_FILE_0}\"\n";
			showEnvVarsInLog = 0;
		};
/* End PBXShellScriptBuildPhase section */

/* Begin PBXSourcesBuildPhase section */
		5B69D0D1248D701F0072002A /* Sources */ = {
			isa = PBXSourcesBuildPhase;
			buildActionMask = 2147483647;
			files = (
				5B8667D0248D900D003A3B5D /* NetworkManager.swift in Sources */,
				5B69D0DD248D701F0072002A /* LogInOrCreateAccountViewController.swift in Sources */,
				5B69D0D9248D701F0072002A /* AppDelegate.swift in Sources */,
				5B69D0DB248D701F0072002A /* SceneDelegate.swift in Sources */,
			);
			runOnlyForDeploymentPostprocessing = 0;
		};
/* End PBXSourcesBuildPhase section */

/* Begin PBXVariantGroup section */
		5B69D0DE248D701F0072002A /* Onboarding.storyboard */ = {
			isa = PBXVariantGroup;
			children = (
				5B69D0DF248D701F0072002A /* Base */,
			);
			name = Onboarding.storyboard;
			sourceTree = "<group>";
		};
		5B69D0E3248D70200072002A /* LaunchScreen.storyboard */ = {
			isa = PBXVariantGroup;
			children = (
				5B69D0E4248D70200072002A /* Base */,
			);
			name = LaunchScreen.storyboard;
			sourceTree = "<group>";
		};
/* End PBXVariantGroup section */

/* Begin XCBuildConfiguration section */
		5B69D0E7248D70200072002A /* Debug */ = {
			isa = XCBuildConfiguration;
			buildSettings = {
				ALWAYS_SEARCH_USER_PATHS = NO;
				CLANG_ANALYZER_NONNULL = YES;
				CLANG_ANALYZER_NUMBER_OBJECT_CONVERSION = YES_AGGRESSIVE;
				CLANG_CXX_LANGUAGE_STANDARD = "gnu++14";
				CLANG_CXX_LIBRARY = "libc++";
				CLANG_ENABLE_MODULES = YES;
				CLANG_ENABLE_OBJC_ARC = YES;
				CLANG_ENABLE_OBJC_WEAK = YES;
				CLANG_WARN_BLOCK_CAPTURE_AUTORELEASING = YES;
				CLANG_WARN_BOOL_CONVERSION = YES;
				CLANG_WARN_COMMA = YES;
				CLANG_WARN_CONSTANT_CONVERSION = YES;
				CLANG_WARN_DEPRECATED_OBJC_IMPLEMENTATIONS = YES;
				CLANG_WARN_DIRECT_OBJC_ISA_USAGE = YES_ERROR;
				CLANG_WARN_DOCUMENTATION_COMMENTS = YES;
				CLANG_WARN_EMPTY_BODY = YES;
				CLANG_WARN_ENUM_CONVERSION = YES;
				CLANG_WARN_INFINITE_RECURSION = YES;
				CLANG_WARN_INT_CONVERSION = YES;
				CLANG_WARN_NON_LITERAL_NULL_CONVERSION = YES;
				CLANG_WARN_OBJC_IMPLICIT_RETAIN_SELF = YES;
				CLANG_WARN_OBJC_LITERAL_CONVERSION = YES;
				CLANG_WARN_OBJC_ROOT_CLASS = YES_ERROR;
				CLANG_WARN_RANGE_LOOP_ANALYSIS = YES;
				CLANG_WARN_STRICT_PROTOTYPES = YES;
				CLANG_WARN_SUSPICIOUS_MOVE = YES;
				CLANG_WARN_UNGUARDED_AVAILABILITY = YES_AGGRESSIVE;
				CLANG_WARN_UNREACHABLE_CODE = YES;
				CLANG_WARN__DUPLICATE_METHOD_MATCH = YES;
				COPY_PHASE_STRIP = NO;
				DEBUG_INFORMATION_FORMAT = dwarf;
				ENABLE_STRICT_OBJC_MSGSEND = YES;
				ENABLE_TESTABILITY = YES;
				GCC_C_LANGUAGE_STANDARD = gnu11;
				GCC_DYNAMIC_NO_PIC = NO;
				GCC_NO_COMMON_BLOCKS = YES;
				GCC_OPTIMIZATION_LEVEL = 0;
				GCC_PREPROCESSOR_DEFINITIONS = (
					"DEBUG=1",
					"$(inherited)",
				);
				GCC_WARN_64_TO_32_BIT_CONVERSION = YES;
				GCC_WARN_ABOUT_RETURN_TYPE = YES_ERROR;
				GCC_WARN_UNDECLARED_SELECTOR = YES;
				GCC_WARN_UNINITIALIZED_AUTOS = YES_AGGRESSIVE;
				GCC_WARN_UNUSED_FUNCTION = YES;
				GCC_WARN_UNUSED_VARIABLE = YES;
				IPHONEOS_DEPLOYMENT_TARGET = 13.2;
				MTL_ENABLE_DEBUG_INFO = INCLUDE_SOURCE;
				MTL_FAST_MATH = YES;
				ONLY_ACTIVE_ARCH = YES;
				SDKROOT = iphoneos;
				SWIFT_ACTIVE_COMPILATION_CONDITIONS = DEBUG;
				SWIFT_OPTIMIZATION_LEVEL = "-Onone";
			};
			name = Debug;
		};
		5B69D0E8248D70200072002A /* Release */ = {
			isa = XCBuildConfiguration;
			buildSettings = {
				ALWAYS_SEARCH_USER_PATHS = NO;
				CLANG_ANALYZER_NONNULL = YES;
				CLANG_ANALYZER_NUMBER_OBJECT_CONVERSION = YES_AGGRESSIVE;
				CLANG_CXX_LANGUAGE_STANDARD = "gnu++14";
				CLANG_CXX_LIBRARY = "libc++";
				CLANG_ENABLE_MODULES = YES;
				CLANG_ENABLE_OBJC_ARC = YES;
				CLANG_ENABLE_OBJC_WEAK = YES;
				CLANG_WARN_BLOCK_CAPTURE_AUTORELEASING = YES;
				CLANG_WARN_BOOL_CONVERSION = YES;
				CLANG_WARN_COMMA = YES;
				CLANG_WARN_CONSTANT_CONVERSION = YES;
				CLANG_WARN_DEPRECATED_OBJC_IMPLEMENTATIONS = YES;
				CLANG_WARN_DIRECT_OBJC_ISA_USAGE = YES_ERROR;
				CLANG_WARN_DOCUMENTATION_COMMENTS = YES;
				CLANG_WARN_EMPTY_BODY = YES;
				CLANG_WARN_ENUM_CONVERSION = YES;
				CLANG_WARN_INFINITE_RECURSION = YES;
				CLANG_WARN_INT_CONVERSION = YES;
				CLANG_WARN_NON_LITERAL_NULL_CONVERSION = YES;
				CLANG_WARN_OBJC_IMPLICIT_RETAIN_SELF = YES;
				CLANG_WARN_OBJC_LITERAL_CONVERSION = YES;
				CLANG_WARN_OBJC_ROOT_CLASS = YES_ERROR;
				CLANG_WARN_RANGE_LOOP_ANALYSIS = YES;
				CLANG_WARN_STRICT_PROTOTYPES = YES;
				CLANG_WARN_SUSPICIOUS_MOVE = YES;
				CLANG_WARN_UNGUARDED_AVAILABILITY = YES_AGGRESSIVE;
				CLANG_WARN_UNREACHABLE_CODE = YES;
				CLANG_WARN__DUPLICATE_METHOD_MATCH = YES;
				COPY_PHASE_STRIP = NO;
				DEBUG_INFORMATION_FORMAT = "dwarf-with-dsym";
				ENABLE_NS_ASSERTIONS = NO;
				ENABLE_STRICT_OBJC_MSGSEND = YES;
				GCC_C_LANGUAGE_STANDARD = gnu11;
				GCC_NO_COMMON_BLOCKS = YES;
				GCC_WARN_64_TO_32_BIT_CONVERSION = YES;
				GCC_WARN_ABOUT_RETURN_TYPE = YES_ERROR;
				GCC_WARN_UNDECLARED_SELECTOR = YES;
				GCC_WARN_UNINITIALIZED_AUTOS = YES_AGGRESSIVE;
				GCC_WARN_UNUSED_FUNCTION = YES;
				GCC_WARN_UNUSED_VARIABLE = YES;
				IPHONEOS_DEPLOYMENT_TARGET = 13.2;
				MTL_ENABLE_DEBUG_INFO = NO;
				MTL_FAST_MATH = YES;
				SDKROOT = iphoneos;
				SWIFT_COMPILATION_MODE = wholemodule;
				SWIFT_OPTIMIZATION_LEVEL = "-O";
				VALIDATE_PRODUCT = YES;
			};
			name = Release;
		};
		5B69D0EA248D70200072002A /* Debug */ = {
			isa = XCBuildConfiguration;
			baseConfigurationReference = FD30A9AE9F1D8D594F3D962A /* Pods-Meine Klimaanlage AR.debug.xcconfig */;
			buildSettings = {
				ASSETCATALOG_COMPILER_APPICON_NAME = AppIcon;
				CODE_SIGN_STYLE = Automatic;
				DEVELOPMENT_TEAM = 8Q8ZUVJXW9;
				INFOPLIST_FILE = "Meine Klimaanlage AR/Info.plist";
				LD_RUNPATH_SEARCH_PATHS = (
					"$(inherited)",
					"@executable_path/Frameworks",
				);
				PRODUCT_BUNDLE_IDENTIFIER = "com.me.Meine-Klimaanlage-AR";
				PRODUCT_NAME = "$(TARGET_NAME)";
				SWIFT_VERSION = 5.0;
				TARGETED_DEVICE_FAMILY = "1,2";
			};
			name = Debug;
		};
		5B69D0EB248D70200072002A /* Release */ = {
			isa = XCBuildConfiguration;
			baseConfigurationReference = 0A38C807304FB2807B48D88C /* Pods-Meine Klimaanlage AR.release.xcconfig */;
			buildSettings = {
				ASSETCATALOG_COMPILER_APPICON_NAME = AppIcon;
				CODE_SIGN_STYLE = Automatic;
				DEVELOPMENT_TEAM = 8Q8ZUVJXW9;
				INFOPLIST_FILE = "Meine Klimaanlage AR/Info.plist";
				LD_RUNPATH_SEARCH_PATHS = (
					"$(inherited)",
					"@executable_path/Frameworks",
				);
				PRODUCT_BUNDLE_IDENTIFIER = "com.me.Meine-Klimaanlage-AR";
				PRODUCT_NAME = "$(TARGET_NAME)";
				SWIFT_VERSION = 5.0;
				TARGETED_DEVICE_FAMILY = "1,2";
			};
			name = Release;
		};
/* End XCBuildConfiguration section */

/* Begin XCConfigurationList section */
		5B69D0D0248D701F0072002A /* Build configuration list for PBXProject "Meine Klimaanlage AR" */ = {
			isa = XCConfigurationList;
			buildConfigurations = (
				5B69D0E7248D70200072002A /* Debug */,
				5B69D0E8248D70200072002A /* Release */,
			);
			defaultConfigurationIsVisible = 0;
			defaultConfigurationName = Release;
		};
		5B69D0E9248D70200072002A /* Build configuration list for PBXNativeTarget "Meine Klimaanlage AR" */ = {
			isa = XCConfigurationList;
			buildConfigurations = (
				5B69D0EA248D70200072002A /* Debug */,
				5B69D0EB248D70200072002A /* Release */,
			);
			defaultConfigurationIsVisible = 0;
			defaultConfigurationName = Release;
		};
/* End XCConfigurationList section */
	};
	rootObject = 5B69D0CD248D701F0072002A /* Project object */;
}
