// !$*UTF8*$!
{
	archiveVersion = 1;
	classes = {
	};
	objectVersion = 51;
	objects = {

/* Begin PBXBuildFile section */
		5B00FAC0249703C600215489 /* ACBrand.swift in Sources */ = {isa = PBXBuildFile; fileRef = 5B00FABF249703C600215489 /* ACBrand.swift */; };
		5B00FAC724970B7B00215489 /* ACUnitEnvironmentType.swift in Sources */ = {isa = PBXBuildFile; fileRef = 5B00FAC624970B7B00215489 /* ACUnitEnvironmentType.swift */; };
		5B00FACA24970CE300215489 /* ACUnitListViewController.swift in Sources */ = {isa = PBXBuildFile; fileRef = 5B00FAC824970CE300215489 /* ACUnitListViewController.swift */; };
		5B00FACD24970F2100215489 /* ExtensionManager.swift in Sources */ = {isa = PBXBuildFile; fileRef = 5B00FACC24970F2100215489 /* ExtensionManager.swift */; };
		5B00FACF2497214700215489 /* ACUnit.swift in Sources */ = {isa = PBXBuildFile; fileRef = 5B00FACE2497214700215489 /* ACUnit.swift */; };
		5B09157B2544E0BA008249D7 /* ACUnitBrandsCollectionViewCell.swift in Sources */ = {isa = PBXBuildFile; fileRef = 5B0915792544E0BA008249D7 /* ACUnitBrandsCollectionViewCell.swift */; };
		5B09157C2544E0BA008249D7 /* ACUnitBrandsCollectionViewCell.xib in Resources */ = {isa = PBXBuildFile; fileRef = 5B09157A2544E0BA008249D7 /* ACUnitBrandsCollectionViewCell.xib */; };
		5B09158225451BB1008249D7 /* ACUnitDetailHeaderTableViewCell.swift in Sources */ = {isa = PBXBuildFile; fileRef = 5B09158025451BB1008249D7 /* ACUnitDetailHeaderTableViewCell.swift */; };
		5B09158325451BB1008249D7 /* ACUnitDetailHeaderTableViewCell.xib in Resources */ = {isa = PBXBuildFile; fileRef = 5B09158125451BB1008249D7 /* ACUnitDetailHeaderTableViewCell.xib */; };
		5B0A8A36248D840700CA4141 /* GoogleService-Info.plist in Resources */ = {isa = PBXBuildFile; fileRef = 5B0A8A35248D840700CA4141 /* GoogleService-Info.plist */; };
		5B0A8A38248D88A900CA4141 /* Colors.xcassets in Resources */ = {isa = PBXBuildFile; fileRef = 5B0A8A37248D88A900CA4141 /* Colors.xcassets */; };
		5B12389625410B2200A809D9 /* ShadowButton.swift in Sources */ = {isa = PBXBuildFile; fileRef = 5B12389525410B2200A809D9 /* ShadowButton.swift */; };
		5B2C5B0E248D9D55001B6898 /* ForgotPasswordViewController.swift in Sources */ = {isa = PBXBuildFile; fileRef = 5B2C5B0D248D9D55001B6898 /* ForgotPasswordViewController.swift */; };
		5B2C5B10248DB249001B6898 /* Root.storyboard in Resources */ = {isa = PBXBuildFile; fileRef = 5B2C5B0F248DB249001B6898 /* Root.storyboard */; };
		5B2C5B1A248DBB80001B6898 /* HomeViewController.swift in Sources */ = {isa = PBXBuildFile; fileRef = 5B2C5B19248DBB80001B6898 /* HomeViewController.swift */; };
		5B2C5B1C248DBB8B001B6898 /* ProfileViewController.swift in Sources */ = {isa = PBXBuildFile; fileRef = 5B2C5B1B248DBB8B001B6898 /* ProfileViewController.swift */; };
		5B2C5B23248DBD9A001B6898 /* ACUnitTableViewCell.swift in Sources */ = {isa = PBXBuildFile; fileRef = 5B2C5B21248DBD9A001B6898 /* ACUnitTableViewCell.swift */; };
		5B2C5B24248DBD9A001B6898 /* ACUnitTableViewCell.xib in Resources */ = {isa = PBXBuildFile; fileRef = 5B2C5B22248DBD9A001B6898 /* ACUnitTableViewCell.xib */; };
		5B2C5B2A248DC768001B6898 /* ErrorManager.swift in Sources */ = {isa = PBXBuildFile; fileRef = 5B2C5B29248DC768001B6898 /* ErrorManager.swift */; };
		5B4FDFB8248D79160079B653 /* .gitignore in Resources */ = {isa = PBXBuildFile; fileRef = 5B4FDFB7248D79160079B653 /* .gitignore */; };
		5B69D0D9248D701F0072002A /* AppDelegate.swift in Sources */ = {isa = PBXBuildFile; fileRef = 5B69D0D8248D701F0072002A /* AppDelegate.swift */; };
		5B69D0DB248D701F0072002A /* SceneDelegate.swift in Sources */ = {isa = PBXBuildFile; fileRef = 5B69D0DA248D701F0072002A /* SceneDelegate.swift */; };
		5B69D0DD248D701F0072002A /* LogInOrCreateAccountViewController.swift in Sources */ = {isa = PBXBuildFile; fileRef = 5B69D0DC248D701F0072002A /* LogInOrCreateAccountViewController.swift */; };
		5B69D0E0248D701F0072002A /* Onboarding.storyboard in Resources */ = {isa = PBXBuildFile; fileRef = 5B69D0DE248D701F0072002A /* Onboarding.storyboard */; };
		5B69D0E2248D70200072002A /* Assets.xcassets in Resources */ = {isa = PBXBuildFile; fileRef = 5B69D0E1248D70200072002A /* Assets.xcassets */; };
		5B69D0E5248D70200072002A /* LaunchScreen.storyboard in Resources */ = {isa = PBXBuildFile; fileRef = 5B69D0E3248D70200072002A /* LaunchScreen.storyboard */; };
		5B6DED482569CDC700FF66A5 /* ARQuoteViewController.swift in Sources */ = {isa = PBXBuildFile; fileRef = 5B6DED472569CDC700FF66A5 /* ARQuoteViewController.swift */; };
		5B7E6DCE24B6ABF90049CCB9 /* FocusSquareSegment.swift in Sources */ = {isa = PBXBuildFile; fileRef = 5B7E6DCD24B6ABF90049CCB9 /* FocusSquareSegment.swift */; };
		5B7E6DEC24B6C87D0049CCB9 /* ACUnits.scnassets in Resources */ = {isa = PBXBuildFile; fileRef = 5B7E6DEB24B6C87D0049CCB9 /* ACUnits.scnassets */; };
		5B835C052627C5920031698A /* VerticalAnchorCoachingView.swift in Sources */ = {isa = PBXBuildFile; fileRef = 5B835C042627C5920031698A /* VerticalAnchorCoachingView.swift */; };
		5B8667D0248D900D003A3B5D /* NetworkManager.swift in Sources */ = {isa = PBXBuildFile; fileRef = 5B8667CF248D900D003A3B5D /* NetworkManager.swift */; };
		5B8667D2248D9662003A3B5D /* LogInViewController.swift in Sources */ = {isa = PBXBuildFile; fileRef = 5B8667D1248D9662003A3B5D /* LogInViewController.swift */; };
		5B8667D4248D966F003A3B5D /* CreateAnAccountViewController.swift in Sources */ = {isa = PBXBuildFile; fileRef = 5B8667D3248D966F003A3B5D /* CreateAnAccountViewController.swift */; };
		5BAF8D0924B81A8D0022EC84 /* AppEntry.storyboard in Resources */ = {isa = PBXBuildFile; fileRef = 5BAF8D0824B81A8D0022EC84 /* AppEntry.storyboard */; };
		5BAF8D0E24B81B2E0022EC84 /* AppEntryViewController.swift in Sources */ = {isa = PBXBuildFile; fileRef = 5BAF8D0D24B81B2E0022EC84 /* AppEntryViewController.swift */; };
		5BC6BBBB256F532000945523 /* WireCursor.swift in Sources */ = {isa = PBXBuildFile; fileRef = 5BC6BBBA256F532000945523 /* WireCursor.swift */; };
		5BD4083A262A66D500D2FF74 /* HitTestType.swift in Sources */ = {isa = PBXBuildFile; fileRef = 5BD40839262A66D500D2FF74 /* HitTestType.swift */; };
		5BDD140324BB7F8E003A3A98 /* QuoteSummaryViewController.swift in Sources */ = {isa = PBXBuildFile; fileRef = 5BDD140124BB7F8E003A3A98 /* QuoteSummaryViewController.swift */; };
		5BDD140424BB7F8E003A3A98 /* QuoteSummaryViewController.xib in Resources */ = {isa = PBXBuildFile; fileRef = 5BDD140224BB7F8E003A3A98 /* QuoteSummaryViewController.xib */; };
		5BDD140724BB8414003A3A98 /* QuoteSummaryTableViewCell.swift in Sources */ = {isa = PBXBuildFile; fileRef = 5BDD140524BB8414003A3A98 /* QuoteSummaryTableViewCell.swift */; };
		5BDD140824BB8414003A3A98 /* QuoteSummaryTableViewCell.xib in Resources */ = {isa = PBXBuildFile; fileRef = 5BDD140624BB8414003A3A98 /* QuoteSummaryTableViewCell.xib */; };
		5BDD140F24BBAB94003A3A98 /* ScreenshotCollectionViewCell.swift in Sources */ = {isa = PBXBuildFile; fileRef = 5BDD140D24BBAB94003A3A98 /* ScreenshotCollectionViewCell.swift */; };
		5BDD141024BBAB94003A3A98 /* ScreenshotCollectionViewCell.xib in Resources */ = {isa = PBXBuildFile; fileRef = 5BDD140E24BBAB94003A3A98 /* ScreenshotCollectionViewCell.xib */; };
		5BDD141224BC07B4003A3A98 /* ConstantsManager.swift in Sources */ = {isa = PBXBuildFile; fileRef = 5BDD141124BC07B4003A3A98 /* ConstantsManager.swift */; };
		5BDD77AF256ABBD700EACC68 /* AppState.swift in Sources */ = {isa = PBXBuildFile; fileRef = 5BDD77AE256ABBD700EACC68 /* AppState.swift */; };
		5BDD77C8256B31BC00EACC68 /* VirtualObject.swift in Sources */ = {isa = PBXBuildFile; fileRef = 5BDD77C7256B31BC00EACC68 /* VirtualObject.swift */; };
		5BDD77CC256B363000EACC68 /* VirtualObjectARView.swift in Sources */ = {isa = PBXBuildFile; fileRef = 5BDD77CB256B363000EACC68 /* VirtualObjectARView.swift */; };
		5BDD77CF256B511300EACC68 /* VirtualObjectLoader.swift in Sources */ = {isa = PBXBuildFile; fileRef = 5BDD77CE256B511300EACC68 /* VirtualObjectLoader.swift */; };
		5BDD77F9256B701000EACC68 /* ThresholdPanGesture.swift in Sources */ = {isa = PBXBuildFile; fileRef = 5BDD77F8256B701000EACC68 /* ThresholdPanGesture.swift */; };
		5BE20847262CF25A00F1D56B /* Tutorial0.gif in Resources */ = {isa = PBXBuildFile; fileRef = 5BE20844262CF25900F1D56B /* Tutorial0.gif */; };
		5BE20848262CF25A00F1D56B /* Tutorial1.gif in Resources */ = {isa = PBXBuildFile; fileRef = 5BE20845262CF25A00F1D56B /* Tutorial1.gif */; };
		5BE20849262CF25A00F1D56B /* Tutorial2.gif in Resources */ = {isa = PBXBuildFile; fileRef = 5BE20846262CF25A00F1D56B /* Tutorial2.gif */; };
		5BE2084C262CFED300F1D56B /* InfinitePlaneNode.swift in Sources */ = {isa = PBXBuildFile; fileRef = 5BE2084B262CFED300F1D56B /* InfinitePlaneNode.swift */; };
		5BE8198724BA1E3000C538FF /* ACQuote.swift in Sources */ = {isa = PBXBuildFile; fileRef = 5BE8198624BA1E3000C538FF /* ACQuote.swift */; };
		5BE8198B24BA21E000C538FF /* BeginQuoteViewController.swift in Sources */ = {isa = PBXBuildFile; fileRef = 5BE8198A24BA21E000C538FF /* BeginQuoteViewController.swift */; };
		5BE8198F24BA2C0800C538FF /* ChooseTypeOfWireViewController.swift in Sources */ = {isa = PBXBuildFile; fileRef = 5BE8198D24BA2C0800C538FF /* ChooseTypeOfWireViewController.swift */; };
		5BE8199024BA2C0800C538FF /* ChooseTypeOfWireViewController.xib in Resources */ = {isa = PBXBuildFile; fileRef = 5BE8198E24BA2C0800C538FF /* ChooseTypeOfWireViewController.xib */; };
		5BE8199224BA3E4D00C538FF /* ACWire.swift in Sources */ = {isa = PBXBuildFile; fileRef = 5BE8199124BA3E4D00C538FF /* ACWire.swift */; };
		5BFA9EA824B6A583008FBB99 /* FocusSquare.swift in Sources */ = {isa = PBXBuildFile; fileRef = 5BFA9EA724B6A583008FBB99 /* FocusSquare.swift */; };
		A5BDCB9A0FD47B151970EB4E /* Pods_Meine_Klimaanlage_AR.framework in Frameworks */ = {isa = PBXBuildFile; fileRef = F7D70101EABCF50703354C2D /* Pods_Meine_Klimaanlage_AR.framework */; };
/* End PBXBuildFile section */

/* Begin PBXFileReference section */
		0A38C807304FB2807B48D88C /* Pods-Meine Klimaanlage AR.release.xcconfig */ = {isa = PBXFileReference; includeInIndex = 1; lastKnownFileType = text.xcconfig; name = "Pods-Meine Klimaanlage AR.release.xcconfig"; path = "Target Support Files/Pods-Meine Klimaanlage AR/Pods-Meine Klimaanlage AR.release.xcconfig"; sourceTree = "<group>"; };
		5B00FABF249703C600215489 /* ACBrand.swift */ = {isa = PBXFileReference; lastKnownFileType = sourcecode.swift; path = ACBrand.swift; sourceTree = SOURCE_ROOT; };
		5B00FAC624970B7B00215489 /* ACUnitEnvironmentType.swift */ = {isa = PBXFileReference; lastKnownFileType = sourcecode.swift; name = ACUnitEnvironmentType.swift; path = "Meine Klimaanlage AR/View/Table View Header/ACUnitEnvironmentType.swift"; sourceTree = SOURCE_ROOT; };
		5B00FAC824970CE300215489 /* ACUnitListViewController.swift */ = {isa = PBXFileReference; lastKnownFileType = sourcecode.swift; path = ACUnitListViewController.swift; sourceTree = "<group>"; };
		5B00FACC24970F2100215489 /* ExtensionManager.swift */ = {isa = PBXFileReference; lastKnownFileType = sourcecode.swift; path = ExtensionManager.swift; sourceTree = "<group>"; };
		5B00FACE2497214700215489 /* ACUnit.swift */ = {isa = PBXFileReference; lastKnownFileType = sourcecode.swift; name = ACUnit.swift; path = "Meine Klimaanlage AR/Manager/ACUnit.swift"; sourceTree = SOURCE_ROOT; };
		5B0915792544E0BA008249D7 /* ACUnitBrandsCollectionViewCell.swift */ = {isa = PBXFileReference; lastKnownFileType = sourcecode.swift; path = ACUnitBrandsCollectionViewCell.swift; sourceTree = "<group>"; };
		5B09157A2544E0BA008249D7 /* ACUnitBrandsCollectionViewCell.xib */ = {isa = PBXFileReference; lastKnownFileType = file.xib; path = ACUnitBrandsCollectionViewCell.xib; sourceTree = "<group>"; };
		5B09158025451BB1008249D7 /* ACUnitDetailHeaderTableViewCell.swift */ = {isa = PBXFileReference; lastKnownFileType = sourcecode.swift; path = ACUnitDetailHeaderTableViewCell.swift; sourceTree = "<group>"; };
		5B09158125451BB1008249D7 /* ACUnitDetailHeaderTableViewCell.xib */ = {isa = PBXFileReference; lastKnownFileType = file.xib; path = ACUnitDetailHeaderTableViewCell.xib; sourceTree = "<group>"; };
		5B0A8A35248D840700CA4141 /* GoogleService-Info.plist */ = {isa = PBXFileReference; fileEncoding = 4; lastKnownFileType = text.plist.xml; path = "GoogleService-Info.plist"; sourceTree = "<group>"; };
		5B0A8A37248D88A900CA4141 /* Colors.xcassets */ = {isa = PBXFileReference; lastKnownFileType = folder.assetcatalog; path = Colors.xcassets; sourceTree = "<group>"; };
		5B12389525410B2200A809D9 /* ShadowButton.swift */ = {isa = PBXFileReference; lastKnownFileType = sourcecode.swift; path = ShadowButton.swift; sourceTree = "<group>"; };
		5B2C5B0D248D9D55001B6898 /* ForgotPasswordViewController.swift */ = {isa = PBXFileReference; lastKnownFileType = sourcecode.swift; path = ForgotPasswordViewController.swift; sourceTree = "<group>"; };
		5B2C5B0F248DB249001B6898 /* Root.storyboard */ = {isa = PBXFileReference; lastKnownFileType = file.storyboard; path = Root.storyboard; sourceTree = "<group>"; };
		5B2C5B19248DBB80001B6898 /* HomeViewController.swift */ = {isa = PBXFileReference; lastKnownFileType = sourcecode.swift; path = HomeViewController.swift; sourceTree = "<group>"; };
		5B2C5B1B248DBB8B001B6898 /* ProfileViewController.swift */ = {isa = PBXFileReference; lastKnownFileType = sourcecode.swift; path = ProfileViewController.swift; sourceTree = "<group>"; };
		5B2C5B21248DBD9A001B6898 /* ACUnitTableViewCell.swift */ = {isa = PBXFileReference; lastKnownFileType = sourcecode.swift; path = ACUnitTableViewCell.swift; sourceTree = "<group>"; };
		5B2C5B22248DBD9A001B6898 /* ACUnitTableViewCell.xib */ = {isa = PBXFileReference; lastKnownFileType = file.xib; path = ACUnitTableViewCell.xib; sourceTree = "<group>"; };
		5B2C5B29248DC768001B6898 /* ErrorManager.swift */ = {isa = PBXFileReference; lastKnownFileType = sourcecode.swift; path = ErrorManager.swift; sourceTree = "<group>"; };
		5B4FDFB7248D79160079B653 /* .gitignore */ = {isa = PBXFileReference; fileEncoding = 4; lastKnownFileType = text; path = .gitignore; sourceTree = "<group>"; };
		5B69D0D5248D701F0072002A /* Meine Klimaanlage AR.app */ = {isa = PBXFileReference; explicitFileType = wrapper.application; includeInIndex = 0; path = "Meine Klimaanlage AR.app"; sourceTree = BUILT_PRODUCTS_DIR; };
		5B69D0D8248D701F0072002A /* AppDelegate.swift */ = {isa = PBXFileReference; lastKnownFileType = sourcecode.swift; path = AppDelegate.swift; sourceTree = "<group>"; };
		5B69D0DA248D701F0072002A /* SceneDelegate.swift */ = {isa = PBXFileReference; lastKnownFileType = sourcecode.swift; path = SceneDelegate.swift; sourceTree = "<group>"; };
		5B69D0DC248D701F0072002A /* LogInOrCreateAccountViewController.swift */ = {isa = PBXFileReference; lastKnownFileType = sourcecode.swift; path = LogInOrCreateAccountViewController.swift; sourceTree = "<group>"; };
		5B69D0DF248D701F0072002A /* Base */ = {isa = PBXFileReference; lastKnownFileType = file.storyboard; name = Base; path = Base.lproj/Onboarding.storyboard; sourceTree = "<group>"; };
		5B69D0E1248D70200072002A /* Assets.xcassets */ = {isa = PBXFileReference; lastKnownFileType = folder.assetcatalog; path = Assets.xcassets; sourceTree = "<group>"; };
		5B69D0E4248D70200072002A /* Base */ = {isa = PBXFileReference; lastKnownFileType = file.storyboard; name = Base; path = Base.lproj/LaunchScreen.storyboard; sourceTree = "<group>"; };
		5B69D0E6248D70200072002A /* Info.plist */ = {isa = PBXFileReference; lastKnownFileType = text.plist.xml; path = Info.plist; sourceTree = "<group>"; };
		5B6DED472569CDC700FF66A5 /* ARQuoteViewController.swift */ = {isa = PBXFileReference; lastKnownFileType = sourcecode.swift; path = ARQuoteViewController.swift; sourceTree = "<group>"; };
		5B7E6DCD24B6ABF90049CCB9 /* FocusSquareSegment.swift */ = {isa = PBXFileReference; lastKnownFileType = sourcecode.swift; path = FocusSquareSegment.swift; sourceTree = "<group>"; };
		5B7E6DEB24B6C87D0049CCB9 /* ACUnits.scnassets */ = {isa = PBXFileReference; lastKnownFileType = wrapper.scnassets; path = ACUnits.scnassets; sourceTree = "<group>"; };
		5B835C042627C5920031698A /* VerticalAnchorCoachingView.swift */ = {isa = PBXFileReference; lastKnownFileType = sourcecode.swift; path = VerticalAnchorCoachingView.swift; sourceTree = "<group>"; };
		5B8667CF248D900D003A3B5D /* NetworkManager.swift */ = {isa = PBXFileReference; lastKnownFileType = sourcecode.swift; path = NetworkManager.swift; sourceTree = "<group>"; };
		5B8667D1248D9662003A3B5D /* LogInViewController.swift */ = {isa = PBXFileReference; lastKnownFileType = sourcecode.swift; path = LogInViewController.swift; sourceTree = "<group>"; };
		5B8667D3248D966F003A3B5D /* CreateAnAccountViewController.swift */ = {isa = PBXFileReference; lastKnownFileType = sourcecode.swift; path = CreateAnAccountViewController.swift; sourceTree = "<group>"; };
		5BAF8D0824B81A8D0022EC84 /* AppEntry.storyboard */ = {isa = PBXFileReference; lastKnownFileType = file.storyboard; path = AppEntry.storyboard; sourceTree = "<group>"; };
		5BAF8D0D24B81B2E0022EC84 /* AppEntryViewController.swift */ = {isa = PBXFileReference; lastKnownFileType = sourcecode.swift; path = AppEntryViewController.swift; sourceTree = "<group>"; };
		5BC6BBBA256F532000945523 /* WireCursor.swift */ = {isa = PBXFileReference; lastKnownFileType = sourcecode.swift; path = WireCursor.swift; sourceTree = "<group>"; };
		5BD40839262A66D500D2FF74 /* HitTestType.swift */ = {isa = PBXFileReference; lastKnownFileType = sourcecode.swift; path = HitTestType.swift; sourceTree = "<group>"; };
		5BDD140124BB7F8E003A3A98 /* QuoteSummaryViewController.swift */ = {isa = PBXFileReference; lastKnownFileType = sourcecode.swift; path = QuoteSummaryViewController.swift; sourceTree = "<group>"; };
		5BDD140224BB7F8E003A3A98 /* QuoteSummaryViewController.xib */ = {isa = PBXFileReference; lastKnownFileType = file.xib; path = QuoteSummaryViewController.xib; sourceTree = "<group>"; };
		5BDD140524BB8414003A3A98 /* QuoteSummaryTableViewCell.swift */ = {isa = PBXFileReference; lastKnownFileType = sourcecode.swift; path = QuoteSummaryTableViewCell.swift; sourceTree = "<group>"; };
		5BDD140624BB8414003A3A98 /* QuoteSummaryTableViewCell.xib */ = {isa = PBXFileReference; lastKnownFileType = file.xib; path = QuoteSummaryTableViewCell.xib; sourceTree = "<group>"; };
		5BDD140D24BBAB94003A3A98 /* ScreenshotCollectionViewCell.swift */ = {isa = PBXFileReference; lastKnownFileType = sourcecode.swift; path = ScreenshotCollectionViewCell.swift; sourceTree = "<group>"; };
		5BDD140E24BBAB94003A3A98 /* ScreenshotCollectionViewCell.xib */ = {isa = PBXFileReference; lastKnownFileType = file.xib; path = ScreenshotCollectionViewCell.xib; sourceTree = "<group>"; };
		5BDD141124BC07B4003A3A98 /* ConstantsManager.swift */ = {isa = PBXFileReference; lastKnownFileType = sourcecode.swift; path = ConstantsManager.swift; sourceTree = "<group>"; };
		5BDD77AE256ABBD700EACC68 /* AppState.swift */ = {isa = PBXFileReference; lastKnownFileType = sourcecode.swift; path = AppState.swift; sourceTree = "<group>"; };
		5BDD77C7256B31BC00EACC68 /* VirtualObject.swift */ = {isa = PBXFileReference; lastKnownFileType = sourcecode.swift; path = VirtualObject.swift; sourceTree = "<group>"; };
		5BDD77CB256B363000EACC68 /* VirtualObjectARView.swift */ = {isa = PBXFileReference; lastKnownFileType = sourcecode.swift; path = VirtualObjectARView.swift; sourceTree = "<group>"; };
		5BDD77CE256B511300EACC68 /* VirtualObjectLoader.swift */ = {isa = PBXFileReference; lastKnownFileType = sourcecode.swift; path = VirtualObjectLoader.swift; sourceTree = "<group>"; };
		5BDD77F8256B701000EACC68 /* ThresholdPanGesture.swift */ = {isa = PBXFileReference; lastKnownFileType = sourcecode.swift; path = ThresholdPanGesture.swift; sourceTree = "<group>"; };
		5BE20844262CF25900F1D56B /* Tutorial0.gif */ = {isa = PBXFileReference; lastKnownFileType = image.gif; path = Tutorial0.gif; sourceTree = "<group>"; };
		5BE20845262CF25A00F1D56B /* Tutorial1.gif */ = {isa = PBXFileReference; lastKnownFileType = image.gif; path = Tutorial1.gif; sourceTree = "<group>"; };
		5BE20846262CF25A00F1D56B /* Tutorial2.gif */ = {isa = PBXFileReference; lastKnownFileType = image.gif; path = Tutorial2.gif; sourceTree = "<group>"; };
		5BE2084B262CFED300F1D56B /* InfinitePlaneNode.swift */ = {isa = PBXFileReference; lastKnownFileType = sourcecode.swift; path = InfinitePlaneNode.swift; sourceTree = "<group>"; };
		5BE8198624BA1E3000C538FF /* ACQuote.swift */ = {isa = PBXFileReference; lastKnownFileType = sourcecode.swift; path = ACQuote.swift; sourceTree = "<group>"; };
		5BE8198A24BA21E000C538FF /* BeginQuoteViewController.swift */ = {isa = PBXFileReference; lastKnownFileType = sourcecode.swift; path = BeginQuoteViewController.swift; sourceTree = "<group>"; };
		5BE8198D24BA2C0800C538FF /* ChooseTypeOfWireViewController.swift */ = {isa = PBXFileReference; lastKnownFileType = sourcecode.swift; path = ChooseTypeOfWireViewController.swift; sourceTree = "<group>"; };
		5BE8198E24BA2C0800C538FF /* ChooseTypeOfWireViewController.xib */ = {isa = PBXFileReference; lastKnownFileType = file.xib; path = ChooseTypeOfWireViewController.xib; sourceTree = "<group>"; };
		5BE8199124BA3E4D00C538FF /* ACWire.swift */ = {isa = PBXFileReference; lastKnownFileType = sourcecode.swift; path = ACWire.swift; sourceTree = "<group>"; };
		5BFA9EA724B6A583008FBB99 /* FocusSquare.swift */ = {isa = PBXFileReference; lastKnownFileType = sourcecode.swift; path = FocusSquare.swift; sourceTree = "<group>"; };
		F7D70101EABCF50703354C2D /* Pods_Meine_Klimaanlage_AR.framework */ = {isa = PBXFileReference; explicitFileType = wrapper.framework; includeInIndex = 0; path = Pods_Meine_Klimaanlage_AR.framework; sourceTree = BUILT_PRODUCTS_DIR; };
		FD30A9AE9F1D8D594F3D962A /* Pods-Meine Klimaanlage AR.debug.xcconfig */ = {isa = PBXFileReference; includeInIndex = 1; lastKnownFileType = text.xcconfig; name = "Pods-Meine Klimaanlage AR.debug.xcconfig"; path = "Target Support Files/Pods-Meine Klimaanlage AR/Pods-Meine Klimaanlage AR.debug.xcconfig"; sourceTree = "<group>"; };
/* End PBXFileReference section */

/* Begin PBXFrameworksBuildPhase section */
		5B69D0D2248D701F0072002A /* Frameworks */ = {
			isa = PBXFrameworksBuildPhase;
			buildActionMask = 2147483647;
			files = (
				A5BDCB9A0FD47B151970EB4E /* Pods_Meine_Klimaanlage_AR.framework in Frameworks */,
			);
			runOnlyForDeploymentPostprocessing = 0;
		};
/* End PBXFrameworksBuildPhase section */

/* Begin PBXGroup section */
		28EA317FD8298FA9E9CBC212 /* Pods */ = {
			isa = PBXGroup;
			children = (
				FD30A9AE9F1D8D594F3D962A /* Pods-Meine Klimaanlage AR.debug.xcconfig */,
				0A38C807304FB2807B48D88C /* Pods-Meine Klimaanlage AR.release.xcconfig */,
			);
			path = Pods;
			sourceTree = "<group>";
		};
		5B09157F25451B98008249D7 /* Header */ = {
			isa = PBXGroup;
			children = (
				5B09158025451BB1008249D7 /* ACUnitDetailHeaderTableViewCell.swift */,
				5B09158125451BB1008249D7 /* ACUnitDetailHeaderTableViewCell.xib */,
			);
			path = Header;
			sourceTree = "<group>";
		};
		5B0A8A3E248D8EA700CA4141 /* View */ = {
			isa = PBXGroup;
			children = (
				5B835C032627C5510031698A /* Coaching */,
				5B12389425410B0100A809D9 /* Buttons */,
				5BFA9EA624B6A469008FBB99 /* ARViews */,
				5B2C5B11248DBA01001B6898 /* Table View Cells */,
				5BDD140C24BBAB72003A3A98 /* Collection View Cells */,
				5B0A8A41248D8F0D00CA4141 /* Storyboards */,
			);
			path = View;
			sourceTree = "<group>";
		};
		5B0A8A3F248D8EFB00CA4141 /* Controller */ = {
			isa = PBXGroup;
			children = (
				5BAF8D0A24B81ADF0022EC84 /* Launch */,
				5B0A8A42248D8F2A00CA4141 /* Onboarding */,
				5B2C5B17248DBB41001B6898 /* Home */,
				5B2C5B18248DBB4B001B6898 /* Profile */,
			);
			path = Controller;
			sourceTree = "<group>";
		};
		5B0A8A40248D8F0000CA4141 /* Model  */ = {
			isa = PBXGroup;
			children = (
				5BDD77AD256ABBC900EACC68 /* ARQuoteModel */,
				5B00FABF249703C600215489 /* ACBrand.swift */,
				5B00FAC624970B7B00215489 /* ACUnitEnvironmentType.swift */,
				5B00FACE2497214700215489 /* ACUnit.swift */,
				5BE8198624BA1E3000C538FF /* ACQuote.swift */,
				5BE8199124BA3E4D00C538FF /* ACWire.swift */,
				5BD40839262A66D500D2FF74 /* HitTestType.swift */,
			);
			path = "Model ";
			sourceTree = "<group>";
		};
		5B0A8A41248D8F0D00CA4141 /* Storyboards */ = {
			isa = PBXGroup;
			children = (
				5B69D0E3248D70200072002A /* LaunchScreen.storyboard */,
				5BAF8D0824B81A8D0022EC84 /* AppEntry.storyboard */,
				5B69D0DE248D701F0072002A /* Onboarding.storyboard */,
				5B2C5B0F248DB249001B6898 /* Root.storyboard */,
			);
			path = Storyboards;
			sourceTree = "<group>";
		};
		5B0A8A42248D8F2A00CA4141 /* Onboarding */ = {
			isa = PBXGroup;
			children = (
				5B69D0DC248D701F0072002A /* LogInOrCreateAccountViewController.swift */,
				5B8667D1248D9662003A3B5D /* LogInViewController.swift */,
				5B8667D3248D966F003A3B5D /* CreateAnAccountViewController.swift */,
				5B2C5B0D248D9D55001B6898 /* ForgotPasswordViewController.swift */,
			);
			path = Onboarding;
			sourceTree = "<group>";
		};
		5B0A8A43248D8F3800CA4141 /* Delegate */ = {
			isa = PBXGroup;
			children = (
				5B69D0D8248D701F0072002A /* AppDelegate.swift */,
				5B69D0DA248D701F0072002A /* SceneDelegate.swift */,
			);
			path = Delegate;
			sourceTree = "<group>";
		};
		5B12389425410B0100A809D9 /* Buttons */ = {
			isa = PBXGroup;
			children = (
				5B12389525410B2200A809D9 /* ShadowButton.swift */,
			);
			path = Buttons;
			sourceTree = "<group>";
		};
		5B2C5B11248DBA01001B6898 /* Table View Cells */ = {
			isa = PBXGroup;
			children = (
				5B09157F25451B98008249D7 /* Header */,
				5B2C5B21248DBD9A001B6898 /* ACUnitTableViewCell.swift */,
				5B2C5B22248DBD9A001B6898 /* ACUnitTableViewCell.xib */,
				5BDD140524BB8414003A3A98 /* QuoteSummaryTableViewCell.swift */,
				5BDD140624BB8414003A3A98 /* QuoteSummaryTableViewCell.xib */,
			);
			path = "Table View Cells";
			sourceTree = "<group>";
		};
		5B2C5B17248DBB41001B6898 /* Home */ = {
			isa = PBXGroup;
			children = (
				5B2C5B19248DBB80001B6898 /* HomeViewController.swift */,
				5B00FAC824970CE300215489 /* ACUnitListViewController.swift */,
				5BE8198A24BA21E000C538FF /* BeginQuoteViewController.swift */,
				5B6DED462569CC2E00FF66A5 /* AugmentedReality */,
				5BE8198C24BA2BC500C538FF /* Form VIew Controllers */,
			);
			path = Home;
			sourceTree = "<group>";
		};
		5B2C5B18248DBB4B001B6898 /* Profile */ = {
			isa = PBXGroup;
			children = (
				5B2C5B1B248DBB8B001B6898 /* ProfileViewController.swift */,
			);
			path = Profile;
			sourceTree = "<group>";
		};
		5B69D0CC248D701F0072002A = {
			isa = PBXGroup;
			children = (
				5B4FDFB7248D79160079B653 /* .gitignore */,
				5B69D0D7248D701F0072002A /* Meine Klimaanlage AR */,
				5B69D0D6248D701F0072002A /* Products */,
				28EA317FD8298FA9E9CBC212 /* Pods */,
				691F658D58C5A07437E906C1 /* Frameworks */,
			);
			sourceTree = "<group>";
		};
		5B69D0D6248D701F0072002A /* Products */ = {
			isa = PBXGroup;
			children = (
				5B69D0D5248D701F0072002A /* Meine Klimaanlage AR.app */,
			);
			name = Products;
			sourceTree = "<group>";
		};
		5B69D0D7248D701F0072002A /* Meine Klimaanlage AR */ = {
			isa = PBXGroup;
			children = (
				5B8667CE248D8FF7003A3B5D /* Manager */,
				5B0A8A43248D8F3800CA4141 /* Delegate */,
				5B0A8A40248D8F0000CA4141 /* Model  */,
				5B0A8A3F248D8EFB00CA4141 /* Controller */,
				5B0A8A3E248D8EA700CA4141 /* View */,
				5B7E6DEA24B6C8420049CCB9 /* Resources */,
				5B69D0E6248D70200072002A /* Info.plist */,
				5B0A8A35248D840700CA4141 /* GoogleService-Info.plist */,
			);
			path = "Meine Klimaanlage AR";
			sourceTree = "<group>";
		};
		5B6DED462569CC2E00FF66A5 /* AugmentedReality */ = {
			isa = PBXGroup;
			children = (
				5B6DED472569CDC700FF66A5 /* ARQuoteViewController.swift */,
			);
			path = AugmentedReality;
			sourceTree = "<group>";
		};
		5B7E6DEA24B6C8420049CCB9 /* Resources */ = {
			isa = PBXGroup;
			children = (
				5B7E6DEB24B6C87D0049CCB9 /* ACUnits.scnassets */,
				5B0A8A37248D88A900CA4141 /* Colors.xcassets */,
				5B69D0E1248D70200072002A /* Assets.xcassets */,
				5BE20844262CF25900F1D56B /* Tutorial0.gif */,
				5BE20845262CF25A00F1D56B /* Tutorial1.gif */,
				5BE20846262CF25A00F1D56B /* Tutorial2.gif */,
			);
			path = Resources;
			sourceTree = "<group>";
		};
		5B835C032627C5510031698A /* Coaching */ = {
			isa = PBXGroup;
			children = (
				5B835C042627C5920031698A /* VerticalAnchorCoachingView.swift */,
			);
			path = Coaching;
			sourceTree = "<group>";
		};
		5B8667CE248D8FF7003A3B5D /* Manager */ = {
			isa = PBXGroup;
			children = (
				5B8667CF248D900D003A3B5D /* NetworkManager.swift */,
				5B2C5B29248DC768001B6898 /* ErrorManager.swift */,
				5B00FACC24970F2100215489 /* ExtensionManager.swift */,
				5BDD141124BC07B4003A3A98 /* ConstantsManager.swift */,
			);
			path = Manager;
			sourceTree = "<group>";
		};
		5BAF8D0A24B81ADF0022EC84 /* Launch */ = {
			isa = PBXGroup;
			children = (
				5BAF8D0D24B81B2E0022EC84 /* AppEntryViewController.swift */,
			);
			path = Launch;
			sourceTree = "<group>";
		};
		5BDD140C24BBAB72003A3A98 /* Collection View Cells */ = {
			isa = PBXGroup;
			children = (
				5BDD140D24BBAB94003A3A98 /* ScreenshotCollectionViewCell.swift */,
				5BDD140E24BBAB94003A3A98 /* ScreenshotCollectionViewCell.xib */,
				5B0915792544E0BA008249D7 /* ACUnitBrandsCollectionViewCell.swift */,
				5B09157A2544E0BA008249D7 /* ACUnitBrandsCollectionViewCell.xib */,
			);
			path = "Collection View Cells";
			sourceTree = "<group>";
		};
		5BDD77AD256ABBC900EACC68 /* ARQuoteModel */ = {
			isa = PBXGroup;
			children = (
				5BDD77AE256ABBD700EACC68 /* AppState.swift */,
				5BDD77C7256B31BC00EACC68 /* VirtualObject.swift */,
				5BDD77CE256B511300EACC68 /* VirtualObjectLoader.swift */,
			);
			path = ARQuoteModel;
			sourceTree = "<group>";
		};
		5BDD77F7256B6FF800EACC68 /* ARObjectManipulation */ = {
			isa = PBXGroup;
			children = (
				5BDD77F8256B701000EACC68 /* ThresholdPanGesture.swift */,
			);
			path = ARObjectManipulation;
			sourceTree = "<group>";
		};
		5BE8198C24BA2BC500C538FF /* Form VIew Controllers */ = {
			isa = PBXGroup;
			children = (
				5BE8198D24BA2C0800C538FF /* ChooseTypeOfWireViewController.swift */,
				5BE8198E24BA2C0800C538FF /* ChooseTypeOfWireViewController.xib */,
				5BDD140124BB7F8E003A3A98 /* QuoteSummaryViewController.swift */,
				5BDD140224BB7F8E003A3A98 /* QuoteSummaryViewController.xib */,
			);
			path = "Form VIew Controllers";
			sourceTree = "<group>";
		};
		5BFA9EA624B6A469008FBB99 /* ARViews */ = {
			isa = PBXGroup;
			children = (
				5BDD77F7256B6FF800EACC68 /* ARObjectManipulation */,
				5BFA9EA724B6A583008FBB99 /* FocusSquare.swift */,
				5B7E6DCD24B6ABF90049CCB9 /* FocusSquareSegment.swift */,
				5BC6BBBA256F532000945523 /* WireCursor.swift */,
				5BDD77CB256B363000EACC68 /* VirtualObjectARView.swift */,
				5BE2084B262CFED300F1D56B /* InfinitePlaneNode.swift */,
			);
			path = ARViews;
			sourceTree = "<group>";
		};
		691F658D58C5A07437E906C1 /* Frameworks */ = {
			isa = PBXGroup;
			children = (
				F7D70101EABCF50703354C2D /* Pods_Meine_Klimaanlage_AR.framework */,
			);
			name = Frameworks;
			sourceTree = "<group>";
		};
/* End PBXGroup section */

/* Begin PBXNativeTarget section */
		5B69D0D4248D701F0072002A /* Meine Klimaanlage AR */ = {
			isa = PBXNativeTarget;
			buildConfigurationList = 5B69D0E9248D70200072002A /* Build configuration list for PBXNativeTarget "Meine Klimaanlage AR" */;
			buildPhases = (
				9A459F1A61AE8F3A0F5EE0A9 /* [CP] Check Pods Manifest.lock */,
				5B69D0D1248D701F0072002A /* Sources */,
				5B69D0D2248D701F0072002A /* Frameworks */,
				5B69D0D3248D701F0072002A /* Resources */,
				7526A24CBE70C67FA9A67388 /* [CP] Embed Pods Frameworks */,
			);
			buildRules = (
			);
			dependencies = (
			);
			name = "Meine Klimaanlage AR";
			productName = "Meine Klimaanlage AR";
			productReference = 5B69D0D5248D701F0072002A /* Meine Klimaanlage AR.app */;
			productType = "com.apple.product-type.application";
		};
/* End PBXNativeTarget section */

/* Begin PBXProject section */
		5B69D0CD248D701F0072002A /* Project object */ = {
			isa = PBXProject;
			attributes = {
				LastSwiftUpdateCheck = 1130;
				LastUpgradeCheck = 1130;
				ORGANIZATIONNAME = "Tim Kohmann";
				TargetAttributes = {
					5B69D0D4248D701F0072002A = {
						CreatedOnToolsVersion = 11.3.1;
					};
				};
			};
			buildConfigurationList = 5B69D0D0248D701F0072002A /* Build configuration list for PBXProject "Meine Klimaanlage AR" */;
			compatibilityVersion = "Xcode 9.3";
			developmentRegion = en;
			hasScannedForEncodings = 0;
			knownRegions = (
				en,
				Base,
			);
			mainGroup = 5B69D0CC248D701F0072002A;
			productRefGroup = 5B69D0D6248D701F0072002A /* Products */;
			projectDirPath = "";
			projectRoot = "";
			targets = (
				5B69D0D4248D701F0072002A /* Meine Klimaanlage AR */,
			);
		};
/* End PBXProject section */

/* Begin PBXResourcesBuildPhase section */
		5B69D0D3248D701F0072002A /* Resources */ = {
			isa = PBXResourcesBuildPhase;
			buildActionMask = 2147483647;
			files = (
				5B2C5B24248DBD9A001B6898 /* ACUnitTableViewCell.xib in Resources */,
				5BAF8D0924B81A8D0022EC84 /* AppEntry.storyboard in Resources */,
				5B4FDFB8248D79160079B653 /* .gitignore in Resources */,
				5B09157C2544E0BA008249D7 /* ACUnitBrandsCollectionViewCell.xib in Resources */,
				5B69D0E5248D70200072002A /* LaunchScreen.storyboard in Resources */,
				5B0A8A36248D840700CA4141 /* GoogleService-Info.plist in Resources */,
				5BDD140824BB8414003A3A98 /* QuoteSummaryTableViewCell.xib in Resources */,
				5B09158325451BB1008249D7 /* ACUnitDetailHeaderTableViewCell.xib in Resources */,
				5BDD140424BB7F8E003A3A98 /* QuoteSummaryViewController.xib in Resources */,
				5B0A8A38248D88A900CA4141 /* Colors.xcassets in Resources */,
				5BE20848262CF25A00F1D56B /* Tutorial1.gif in Resources */,
				5BE8199024BA2C0800C538FF /* ChooseTypeOfWireViewController.xib in Resources */,
				5B2C5B10248DB249001B6898 /* Root.storyboard in Resources */,
				5BE20847262CF25A00F1D56B /* Tutorial0.gif in Resources */,
				5B69D0E2248D70200072002A /* Assets.xcassets in Resources */,
				5BE20849262CF25A00F1D56B /* Tutorial2.gif in Resources */,
				5BDD141024BBAB94003A3A98 /* ScreenshotCollectionViewCell.xib in Resources */,
				5B69D0E0248D701F0072002A /* Onboarding.storyboard in Resources */,
				5B7E6DEC24B6C87D0049CCB9 /* ACUnits.scnassets in Resources */,
			);
			runOnlyForDeploymentPostprocessing = 0;
		};
/* End PBXResourcesBuildPhase section */

/* Begin PBXShellScriptBuildPhase section */
		7526A24CBE70C67FA9A67388 /* [CP] Embed Pods Frameworks */ = {
			isa = PBXShellScriptBuildPhase;
			buildActionMask = 2147483647;
			files = (
			);
			inputFileListPaths = (
				"${PODS_ROOT}/Target Support Files/Pods-Meine Klimaanlage AR/Pods-Meine Klimaanlage AR-frameworks-${CONFIGURATION}-input-files.xcfilelist",
			);
			name = "[CP] Embed Pods Frameworks";
			outputFileListPaths = (
				"${PODS_ROOT}/Target Support Files/Pods-Meine Klimaanlage AR/Pods-Meine Klimaanlage AR-frameworks-${CONFIGURATION}-output-files.xcfilelist",
			);
			runOnlyForDeploymentPostprocessing = 0;
			shellPath = /bin/sh;
			shellScript = "\"${PODS_ROOT}/Target Support Files/Pods-Meine Klimaanlage AR/Pods-Meine Klimaanlage AR-frameworks.sh\"\n";
			showEnvVarsInLog = 0;
		};
		9A459F1A61AE8F3A0F5EE0A9 /* [CP] Check Pods Manifest.lock */ = {
			isa = PBXShellScriptBuildPhase;
			buildActionMask = 2147483647;
			files = (
			);
			inputFileListPaths = (
			);
			inputPaths = (
				"${PODS_PODFILE_DIR_PATH}/Podfile.lock",
				"${PODS_ROOT}/Manifest.lock",
			);
			name = "[CP] Check Pods Manifest.lock";
			outputFileListPaths = (
			);
			outputPaths = (
				"$(DERIVED_FILE_DIR)/Pods-Meine Klimaanlage AR-checkManifestLockResult.txt",
			);
			runOnlyForDeploymentPostprocessing = 0;
			shellPath = /bin/sh;
			shellScript = "diff \"${PODS_PODFILE_DIR_PATH}/Podfile.lock\" \"${PODS_ROOT}/Manifest.lock\" > /dev/null\nif [ $? != 0 ] ; then\n    # print error to STDERR\n    echo \"error: The sandbox is not in sync with the Podfile.lock. Run 'pod install' or update your CocoaPods installation.\" >&2\n    exit 1\nfi\n# This output is used by Xcode 'outputs' to avoid re-running this script phase.\necho \"SUCCESS\" > \"${SCRIPT_OUTPUT_FILE_0}\"\n";
			showEnvVarsInLog = 0;
		};
/* End PBXShellScriptBuildPhase section */

/* Begin PBXSourcesBuildPhase section */
		5B69D0D1248D701F0072002A /* Sources */ = {
			isa = PBXSourcesBuildPhase;
			buildActionMask = 2147483647;
			files = (
				5BDD140724BB8414003A3A98 /* QuoteSummaryTableViewCell.swift in Sources */,
				5BD4083A262A66D500D2FF74 /* HitTestType.swift in Sources */,
				5BFA9EA824B6A583008FBB99 /* FocusSquare.swift in Sources */,
				5BDD77CF256B511300EACC68 /* VirtualObjectLoader.swift in Sources */,
				5BAF8D0E24B81B2E0022EC84 /* AppEntryViewController.swift in Sources */,
				5B8667D0248D900D003A3B5D /* NetworkManager.swift in Sources */,
				5BE8198724BA1E3000C538FF /* ACQuote.swift in Sources */,
				5B00FAC724970B7B00215489 /* ACUnitEnvironmentType.swift in Sources */,
				5B00FACA24970CE300215489 /* ACUnitListViewController.swift in Sources */,
				5B2C5B1C248DBB8B001B6898 /* ProfileViewController.swift in Sources */,
				5BDD77C8256B31BC00EACC68 /* VirtualObject.swift in Sources */,
				5BC6BBBB256F532000945523 /* WireCursor.swift in Sources */,
				5B2C5B0E248D9D55001B6898 /* ForgotPasswordViewController.swift in Sources */,
				5B00FACF2497214700215489 /* ACUnit.swift in Sources */,
				5BE8198B24BA21E000C538FF /* BeginQuoteViewController.swift in Sources */,
				5B69D0DD248D701F0072002A /* LogInOrCreateAccountViewController.swift in Sources */,
				5B09158225451BB1008249D7 /* ACUnitDetailHeaderTableViewCell.swift in Sources */,
				5B69D0D9248D701F0072002A /* AppDelegate.swift in Sources */,
				5B2C5B2A248DC768001B6898 /* ErrorManager.swift in Sources */,
				5B2C5B1A248DBB80001B6898 /* HomeViewController.swift in Sources */,
				5BE8199224BA3E4D00C538FF /* ACWire.swift in Sources */,
				5BDD77CC256B363000EACC68 /* VirtualObjectARView.swift in Sources */,
				5B8667D4248D966F003A3B5D /* CreateAnAccountViewController.swift in Sources */,
				5B00FAC0249703C600215489 /* ACBrand.swift in Sources */,
				5B8667D2248D9662003A3B5D /* LogInViewController.swift in Sources */,
				5BDD77F9256B701000EACC68 /* ThresholdPanGesture.swift in Sources */,
				5BDD140F24BBAB94003A3A98 /* ScreenshotCollectionViewCell.swift in Sources */,
				5B09157B2544E0BA008249D7 /* ACUnitBrandsCollectionViewCell.swift in Sources */,
				5BDD140324BB7F8E003A3A98 /* QuoteSummaryViewController.swift in Sources */,
				5B69D0DB248D701F0072002A /* SceneDelegate.swift in Sources */,
				5B2C5B23248DBD9A001B6898 /* ACUnitTableViewCell.swift in Sources */,
				5B00FACD24970F2100215489 /* ExtensionManager.swift in Sources */,
				5BDD141224BC07B4003A3A98 /* ConstantsManager.swift in Sources */,
				5BDD77AF256ABBD700EACC68 /* AppState.swift in Sources */,
				5BE8198F24BA2C0800C538FF /* ChooseTypeOfWireViewController.swift in Sources */,
				5B7E6DCE24B6ABF90049CCB9 /* FocusSquareSegment.swift in Sources */,
				5BE2084C262CFED300F1D56B /* InfinitePlaneNode.swift in Sources */,
				5B6DED482569CDC700FF66A5 /* ARQuoteViewController.swift in Sources */,
				5B12389625410B2200A809D9 /* ShadowButton.swift in Sources */,
				5B835C052627C5920031698A /* VerticalAnchorCoachingView.swift in Sources */,
			);
			runOnlyForDeploymentPostprocessing = 0;
		};
/* End PBXSourcesBuildPhase section */

/* Begin PBXVariantGroup section */
		5B69D0DE248D701F0072002A /* Onboarding.storyboard */ = {
			isa = PBXVariantGroup;
			children = (
				5B69D0DF248D701F0072002A /* Base */,
			);
			name = Onboarding.storyboard;
			sourceTree = "<group>";
		};
		5B69D0E3248D70200072002A /* LaunchScreen.storyboard */ = {
			isa = PBXVariantGroup;
			children = (
				5B69D0E4248D70200072002A /* Base */,
			);
			name = LaunchScreen.storyboard;
			sourceTree = "<group>";
		};
/* End PBXVariantGroup section */

/* Begin XCBuildConfiguration section */
		5B69D0E7248D70200072002A /* Debug */ = {
			isa = XCBuildConfiguration;
			buildSettings = {
				ALWAYS_SEARCH_USER_PATHS = NO;
				CLANG_ANALYZER_NONNULL = YES;
				CLANG_ANALYZER_NUMBER_OBJECT_CONVERSION = YES_AGGRESSIVE;
				CLANG_CXX_LANGUAGE_STANDARD = "gnu++14";
				CLANG_CXX_LIBRARY = "libc++";
				CLANG_ENABLE_MODULES = YES;
				CLANG_ENABLE_OBJC_ARC = YES;
				CLANG_ENABLE_OBJC_WEAK = YES;
				CLANG_WARN_BLOCK_CAPTURE_AUTORELEASING = YES;
				CLANG_WARN_BOOL_CONVERSION = YES;
				CLANG_WARN_COMMA = YES;
				CLANG_WARN_CONSTANT_CONVERSION = YES;
				CLANG_WARN_DEPRECATED_OBJC_IMPLEMENTATIONS = YES;
				CLANG_WARN_DIRECT_OBJC_ISA_USAGE = YES_ERROR;
				CLANG_WARN_DOCUMENTATION_COMMENTS = YES;
				CLANG_WARN_EMPTY_BODY = YES;
				CLANG_WARN_ENUM_CONVERSION = YES;
				CLANG_WARN_INFINITE_RECURSION = YES;
				CLANG_WARN_INT_CONVERSION = YES;
				CLANG_WARN_NON_LITERAL_NULL_CONVERSION = YES;
				CLANG_WARN_OBJC_IMPLICIT_RETAIN_SELF = YES;
				CLANG_WARN_OBJC_LITERAL_CONVERSION = YES;
				CLANG_WARN_OBJC_ROOT_CLASS = YES_ERROR;
				CLANG_WARN_RANGE_LOOP_ANALYSIS = YES;
				CLANG_WARN_STRICT_PROTOTYPES = YES;
				CLANG_WARN_SUSPICIOUS_MOVE = YES;
				CLANG_WARN_UNGUARDED_AVAILABILITY = YES_AGGRESSIVE;
				CLANG_WARN_UNREACHABLE_CODE = YES;
				CLANG_WARN__DUPLICATE_METHOD_MATCH = YES;
				COPY_PHASE_STRIP = NO;
				DEBUG_INFORMATION_FORMAT = dwarf;
				ENABLE_STRICT_OBJC_MSGSEND = YES;
				ENABLE_TESTABILITY = YES;
				GCC_C_LANGUAGE_STANDARD = gnu11;
				GCC_DYNAMIC_NO_PIC = NO;
				GCC_NO_COMMON_BLOCKS = YES;
				GCC_OPTIMIZATION_LEVEL = 0;
				GCC_PREPROCESSOR_DEFINITIONS = (
					"DEBUG=1",
					"$(inherited)",
				);
				GCC_WARN_64_TO_32_BIT_CONVERSION = YES;
				GCC_WARN_ABOUT_RETURN_TYPE = YES_ERROR;
				GCC_WARN_UNDECLARED_SELECTOR = YES;
				GCC_WARN_UNINITIALIZED_AUTOS = YES_AGGRESSIVE;
				GCC_WARN_UNUSED_FUNCTION = YES;
				GCC_WARN_UNUSED_VARIABLE = YES;
				IPHONEOS_DEPLOYMENT_TARGET = 13.0;
				MTL_ENABLE_DEBUG_INFO = INCLUDE_SOURCE;
				MTL_FAST_MATH = YES;
				ONLY_ACTIVE_ARCH = YES;
				SDKROOT = iphoneos;
				SWIFT_ACTIVE_COMPILATION_CONDITIONS = DEBUG;
				SWIFT_OPTIMIZATION_LEVEL = "-Onone";
			};
			name = Debug;
		};
		5B69D0E8248D70200072002A /* Release */ = {
			isa = XCBuildConfiguration;
			buildSettings = {
				ALWAYS_SEARCH_USER_PATHS = NO;
				CLANG_ANALYZER_NONNULL = YES;
				CLANG_ANALYZER_NUMBER_OBJECT_CONVERSION = YES_AGGRESSIVE;
				CLANG_CXX_LANGUAGE_STANDARD = "gnu++14";
				CLANG_CXX_LIBRARY = "libc++";
				CLANG_ENABLE_MODULES = YES;
				CLANG_ENABLE_OBJC_ARC = YES;
				CLANG_ENABLE_OBJC_WEAK = YES;
				CLANG_WARN_BLOCK_CAPTURE_AUTORELEASING = YES;
				CLANG_WARN_BOOL_CONVERSION = YES;
				CLANG_WARN_COMMA = YES;
				CLANG_WARN_CONSTANT_CONVERSION = YES;
				CLANG_WARN_DEPRECATED_OBJC_IMPLEMENTATIONS = YES;
				CLANG_WARN_DIRECT_OBJC_ISA_USAGE = YES_ERROR;
				CLANG_WARN_DOCUMENTATION_COMMENTS = YES;
				CLANG_WARN_EMPTY_BODY = YES;
				CLANG_WARN_ENUM_CONVERSION = YES;
				CLANG_WARN_INFINITE_RECURSION = YES;
				CLANG_WARN_INT_CONVERSION = YES;
				CLANG_WARN_NON_LITERAL_NULL_CONVERSION = YES;
				CLANG_WARN_OBJC_IMPLICIT_RETAIN_SELF = YES;
				CLANG_WARN_OBJC_LITERAL_CONVERSION = YES;
				CLANG_WARN_OBJC_ROOT_CLASS = YES_ERROR;
				CLANG_WARN_RANGE_LOOP_ANALYSIS = YES;
				CLANG_WARN_STRICT_PROTOTYPES = YES;
				CLANG_WARN_SUSPICIOUS_MOVE = YES;
				CLANG_WARN_UNGUARDED_AVAILABILITY = YES_AGGRESSIVE;
				CLANG_WARN_UNREACHABLE_CODE = YES;
				CLANG_WARN__DUPLICATE_METHOD_MATCH = YES;
				COPY_PHASE_STRIP = NO;
				DEBUG_INFORMATION_FORMAT = "dwarf-with-dsym";
				ENABLE_NS_ASSERTIONS = NO;
				ENABLE_STRICT_OBJC_MSGSEND = YES;
				GCC_C_LANGUAGE_STANDARD = gnu11;
				GCC_NO_COMMON_BLOCKS = YES;
				GCC_WARN_64_TO_32_BIT_CONVERSION = YES;
				GCC_WARN_ABOUT_RETURN_TYPE = YES_ERROR;
				GCC_WARN_UNDECLARED_SELECTOR = YES;
				GCC_WARN_UNINITIALIZED_AUTOS = YES_AGGRESSIVE;
				GCC_WARN_UNUSED_FUNCTION = YES;
				GCC_WARN_UNUSED_VARIABLE = YES;
				IPHONEOS_DEPLOYMENT_TARGET = 13.0;
				MTL_ENABLE_DEBUG_INFO = NO;
				MTL_FAST_MATH = YES;
				SDKROOT = iphoneos;
				SWIFT_COMPILATION_MODE = wholemodule;
				SWIFT_OPTIMIZATION_LEVEL = "-O";
				VALIDATE_PRODUCT = YES;
			};
			name = Release;
		};
		5B69D0EA248D70200072002A /* Debug */ = {
			isa = XCBuildConfiguration;
			baseConfigurationReference = FD30A9AE9F1D8D594F3D962A /* Pods-Meine Klimaanlage AR.debug.xcconfig */;
			buildSettings = {
				ASSETCATALOG_COMPILER_APPICON_NAME = AppIcon;
				CODE_SIGN_IDENTITY = "Apple Development";
				CODE_SIGN_STYLE = Automatic;
				DEVELOPMENT_TEAM = 8Q8ZUVJXW9;
				INFOPLIST_FILE = "Meine Klimaanlage AR/Info.plist";
				LD_RUNPATH_SEARCH_PATHS = (
					"$(inherited)",
					"@executable_path/Frameworks",
				);
				PRODUCT_BUNDLE_IDENTIFIER = "com.martinmaly.Meine-Klimaanlage-AR";
				PRODUCT_NAME = "$(TARGET_NAME)";
				PROVISIONING_PROFILE_SPECIFIER = "";
				SWIFT_VERSION = 5.0;
				TARGETED_DEVICE_FAMILY = "1,2";
			};
			name = Debug;
		};
		5B69D0EB248D70200072002A /* Release */ = {
			isa = XCBuildConfiguration;
			baseConfigurationReference = 0A38C807304FB2807B48D88C /* Pods-Meine Klimaanlage AR.release.xcconfig */;
			buildSettings = {
				ASSETCATALOG_COMPILER_APPICON_NAME = AppIcon;
				CODE_SIGN_IDENTITY = "Apple Development";
				CODE_SIGN_STYLE = Automatic;
				DEVELOPMENT_TEAM = 8Q8ZUVJXW9;
				INFOPLIST_FILE = "Meine Klimaanlage AR/Info.plist";
				LD_RUNPATH_SEARCH_PATHS = (
					"$(inherited)",
					"@executable_path/Frameworks",
				);
				PRODUCT_BUNDLE_IDENTIFIER = "com.martinmaly.Meine-Klimaanlage-AR";
				PRODUCT_NAME = "$(TARGET_NAME)";
				PROVISIONING_PROFILE_SPECIFIER = "";
				SWIFT_VERSION = 5.0;
				TARGETED_DEVICE_FAMILY = "1,2";
			};
			name = Release;
		};
/* End XCBuildConfiguration section */

/* Begin XCConfigurationList section */
		5B69D0D0248D701F0072002A /* Build configuration list for PBXProject "Meine Klimaanlage AR" */ = {
			isa = XCConfigurationList;
			buildConfigurations = (
				5B69D0E7248D70200072002A /* Debug */,
				5B69D0E8248D70200072002A /* Release */,
			);
			defaultConfigurationIsVisible = 0;
			defaultConfigurationName = Release;
		};
		5B69D0E9248D70200072002A /* Build configuration list for PBXNativeTarget "Meine Klimaanlage AR" */ = {
			isa = XCConfigurationList;
			buildConfigurations = (
				5B69D0EA248D70200072002A /* Debug */,
				5B69D0EB248D70200072002A /* Release */,
			);
			defaultConfigurationIsVisible = 0;
			defaultConfigurationName = Release;
		};
/* End XCConfigurationList section */
	};
	rootObject = 5B69D0CD248D701F0072002A /* Project object */;
}
